// !$*UTF8*$!
{
	archiveVersion = 1;
	classes = {
	};
	objectVersion = 46;
	objects = {

/* Begin PBXBuildFile section */
		3AAAF9551EF230EE003F9248 /* AppDelegate.swift in Sources */ = {isa = PBXBuildFile; fileRef = 3AAAF9541EF230EE003F9248 /* AppDelegate.swift */; };
		3AAAF9571EF230EE003F9248 /* ViewController.swift in Sources */ = {isa = PBXBuildFile; fileRef = 3AAAF9561EF230EE003F9248 /* ViewController.swift */; };
		3AAAF95A1EF230EE003F9248 /* Main.storyboard in Resources */ = {isa = PBXBuildFile; fileRef = 3AAAF9581EF230EE003F9248 /* Main.storyboard */; };
		3AAAF95C1EF230EE003F9248 /* Assets.xcassets in Resources */ = {isa = PBXBuildFile; fileRef = 3AAAF95B1EF230EE003F9248 /* Assets.xcassets */; };
		3AAAF95F1EF230EE003F9248 /* LaunchScreen.storyboard in Resources */ = {isa = PBXBuildFile; fileRef = 3AAAF95D1EF230EE003F9248 /* LaunchScreen.storyboard */; };
		3AAAF9681EF8BAEF003F9248 /* CalculatorBrain.swift in Sources */ = {isa = PBXBuildFile; fileRef = 3AAAF9671EF8BAEF003F9248 /* CalculatorBrain.swift */; };
/* End PBXBuildFile section */

/* Begin PBXFileReference section */
		3AAAF9511EF230EE003F9248 /* calculator.app */ = {isa = PBXFileReference; explicitFileType = wrapper.application; includeInIndex = 0; path = calculator.app; sourceTree = BUILT_PRODUCTS_DIR; };
		3AAAF9541EF230EE003F9248 /* AppDelegate.swift */ = {isa = PBXFileReference; lastKnownFileType = sourcecode.swift; path = AppDelegate.swift; sourceTree = "<group>"; };
		3AAAF9561EF230EE003F9248 /* ViewController.swift */ = {isa = PBXFileReference; lastKnownFileType = sourcecode.swift; path = ViewController.swift; sourceTree = "<group>"; };
		3AAAF9591EF230EE003F9248 /* Base */ = {isa = PBXFileReference; lastKnownFileType = file.storyboard; name = Base; path = Base.lproj/Main.storyboard; sourceTree = "<group>"; };
		3AAAF95B1EF230EE003F9248 /* Assets.xcassets */ = {isa = PBXFileReference; lastKnownFileType = folder.assetcatalog; path = Assets.xcassets; sourceTree = "<group>"; };
		3AAAF95E1EF230EE003F9248 /* Base */ = {isa = PBXFileReference; lastKnownFileType = file.storyboard; name = Base; path = Base.lproj/LaunchScreen.storyboard; sourceTree = "<group>"; };
		3AAAF9601EF230EE003F9248 /* Info.plist */ = {isa = PBXFileReference; lastKnownFileType = text.plist.xml; path = Info.plist; sourceTree = "<group>"; };
		3AAAF9671EF8BAEF003F9248 /* CalculatorBrain.swift */ = {isa = PBXFileReference; fileEncoding = 4; lastKnownFileType = sourcecode.swift; name = CalculatorBrain.swift; path = ../CalculatorBrain.swift; sourceTree = "<group>"; };
/* End PBXFileReference section */

/* Begin PBXFrameworksBuildPhase section */
		3AAAF94E1EF230EE003F9248 /* Frameworks */ = {
			isa = PBXFrameworksBuildPhase;
			buildActionMask = 2147483647;
			files = (
			);
			runOnlyForDeploymentPostprocessing = 0;
		};
/* End PBXFrameworksBuildPhase section */

/* Begin PBXGroup section */
		3AAAF9481EF230EE003F9248 = {
			isa = PBXGroup;
			children = (
				3AAAF9531EF230EE003F9248 /* calculator */,
				3AAAF9521EF230EE003F9248 /* Products */,
			);
			sourceTree = "<group>";
		};
		3AAAF9521EF230EE003F9248 /* Products */ = {
			isa = PBXGroup;
			children = (
				3AAAF9511EF230EE003F9248 /* calculator.app */,
			);
			name = Products;
			sourceTree = "<group>";
		};
		3AAAF9531EF230EE003F9248 /* calculator */ = {
			isa = PBXGroup;
			children = (
				3AAAF9671EF8BAEF003F9248 /* CalculatorBrain.swift */,
				3AAAF9561EF230EE003F9248 /* ViewController.swift */,
				3AAAF9581EF230EE003F9248 /* Main.storyboard */,
				3AAAF9661EF231A5003F9248 /* Supporting Files */,
			);
			path = calculator;
			sourceTree = "<group>";
		};
		3AAAF9661EF231A5003F9248 /* Supporting Files */ = {
			isa = PBXGroup;
			children = (
				3AAAF9541EF230EE003F9248 /* AppDelegate.swift */,
				3AAAF95B1EF230EE003F9248 /* Assets.xcassets */,
				3AAAF95D1EF230EE003F9248 /* LaunchScreen.storyboard */,
				3AAAF9601EF230EE003F9248 /* Info.plist */,
			);
			name = "Supporting Files";
			sourceTree = "<group>";
		};
/* End PBXGroup section */

/* Begin PBXNativeTarget section */
		3AAAF9501EF230EE003F9248 /* calculator */ = {
			isa = PBXNativeTarget;
			buildConfigurationList = 3AAAF9631EF230EE003F9248 /* Build configuration list for PBXNativeTarget "calculator" */;
			buildPhases = (
				3AAAF94D1EF230EE003F9248 /* Sources */,
				3AAAF94E1EF230EE003F9248 /* Frameworks */,
				3AAAF94F1EF230EE003F9248 /* Resources */,
			);
			buildRules = (
			);
			dependencies = (
			);
			name = calculator;
			productName = calculator;
			productReference = 3AAAF9511EF230EE003F9248 /* calculator.app */;
			productType = "com.apple.product-type.application";
		};
/* End PBXNativeTarget section */

/* Begin PBXProject section */
		3AAAF9491EF230EE003F9248 /* Project object */ = {
			isa = PBXProject;
			attributes = {
				LastSwiftUpdateCheck = 0830;
				LastUpgradeCheck = 0830;
				ORGANIZATIONNAME = "Armando Dorantes Bollain y Goytia";
				TargetAttributes = {
					3AAAF9501EF230EE003F9248 = {
						CreatedOnToolsVersion = 8.3.3;
						ProvisioningStyle = Automatic;
					};
				};
			};
			buildConfigurationList = 3AAAF94C1EF230EE003F9248 /* Build configuration list for PBXProject "calculator" */;
			compatibilityVersion = "Xcode 3.2";
			developmentRegion = English;
			hasScannedForEncodings = 0;
			knownRegions = (
				en,
				Base,
			);
			mainGroup = 3AAAF9481EF230EE003F9248;
			productRefGroup = 3AAAF9521EF230EE003F9248 /* Products */;
			projectDirPath = "";
			projectRoot = "";
			targets = (
				3AAAF9501EF230EE003F9248 /* calculator */,
			);
		};
/* End PBXProject section */

/* Begin PBXResourcesBuildPhase section */
		3AAAF94F1EF230EE003F9248 /* Resources */ = {
			isa = PBXResourcesBuildPhase;
			buildActionMask = 2147483647;
			files = (
				3AAAF95F1EF230EE003F9248 /* LaunchScreen.storyboard in Resources */,
				3AAAF95C1EF230EE003F9248 /* Assets.xcassets in Resources */,
				3AAAF95A1EF230EE003F9248 /* Main.storyboard in Resources */,
			);
			runOnlyForDeploymentPostprocessing = 0;
		};
/* End PBXResourcesBuildPhase section */

/* Begin PBXSourcesBuildPhase section */
		3AAAF94D1EF230EE003F9248 /* Sources */ = {
			isa = PBXSourcesBuildPhase;
			buildActionMask = 2147483647;
			files = (
				3AAAF9681EF8BAEF003F9248 /* CalculatorBrain.swift in Sources */,
				3AAAF9571EF230EE003F9248 /* ViewController.swift in Sources */,
				3AAAF9551EF230EE003F9248 /* AppDelegate.swift in Sources */,
			);
			runOnlyForDeploymentPostprocessing = 0;
		};
/* End PBXSourcesBuildPhase section */

/* Begin PBXVariantGroup section */
		3AAAF9581EF230EE003F9248 /* Main.storyboard */ = {
			isa = PBXVariantGroup;
			children = (
				3AAAF9591EF230EE003F9248 /* Base */,
			);
			name = Main.storyboard;
			sourceTree = "<group>";
		};
		3AAAF95D1EF230EE003F9248 /* LaunchScreen.storyboard */ = {
			isa = PBXVariantGroup;
			children = (
				3AAAF95E1EF230EE003F9248 /* Base */,
			);
			name = LaunchScreen.storyboard;
			sourceTree = "<group>";
		};
/* End PBXVariantGroup section */

/* Begin XCBuildConfiguration section */
		3AAAF9611EF230EE003F9248 /* Debug */ = {
			isa = XCBuildConfiguration;
			buildSettings = {
				ALWAYS_SEARCH_USER_PATHS = NO;
				CLANG_ANALYZER_NONNULL = YES;
				CLANG_ANALYZER_NUMBER_OBJECT_CONVERSION = YES_AGGRESSIVE;
				CLANG_CXX_LANGUAGE_STANDARD = "gnu++0x";
				CLANG_CXX_LIBRARY = "libc++";
				CLANG_ENABLE_MODULES = YES;
				CLANG_ENABLE_OBJC_ARC = YES;
				CLANG_WARN_BOOL_CONVERSION = YES;
				CLANG_WARN_CONSTANT_CONVERSION = YES;
				CLANG_WARN_DIRECT_OBJC_ISA_USAGE = YES_ERROR;
				CLANG_WARN_DOCUMENTATION_COMMENTS = YES;
				CLANG_WARN_EMPTY_BODY = YES;
				CLANG_WARN_ENUM_CONVERSION = YES;
				CLANG_WARN_INFINITE_RECURSION = YES;
				CLANG_WARN_INT_CONVERSION = YES;
				CLANG_WARN_OBJC_ROOT_CLASS = YES_ERROR;
				CLANG_WARN_SUSPICIOUS_MOVE = YES;
				CLANG_WARN_UNREACHABLE_CODE = YES;
				CLANG_WARN__DUPLICATE_METHOD_MATCH = YES;
				"CODE_SIGN_IDENTITY[sdk=iphoneos*]" = "iPhone Developer";
				COPY_PHASE_STRIP = NO;
				DEBUG_INFORMATION_FORMAT = dwarf;
				ENABLE_STRICT_OBJC_MSGSEND = YES;
				ENABLE_TESTABILITY = YES;
				GCC_C_LANGUAGE_STANDARD = gnu99;
				GCC_DYNAMIC_NO_PIC = NO;
				GCC_NO_COMMON_BLOCKS = YES;
				GCC_OPTIMIZATION_LEVEL = 0;
				GCC_PREPROCESSOR_DEFINITIONS = (
					"DEBUG=1",
					"$(inherited)",
				);
				GCC_WARN_64_TO_32_BIT_CONVERSION = YES;
				GCC_WARN_ABOUT_RETURN_TYPE = YES_ERROR;
				GCC_WARN_UNDECLARED_SELECTOR = YES;
				GCC_WARN_UNINITIALIZED_AUTOS = YES_AGGRESSIVE;
				GCC_WARN_UNUSED_FUNCTION = YES;
				GCC_WARN_UNUSED_VARIABLE = YES;
				IPHONEOS_DEPLOYMENT_TARGET = 10.3;
				MTL_ENABLE_DEBUG_INFO = YES;
				ONLY_ACTIVE_ARCH = YES;
				SDKROOT = iphoneos;
				SWIFT_ACTIVE_COMPILATION_CONDITIONS = DEBUG;
				SWIFT_OPTIMIZATION_LEVEL = "-Onone";
				TARGETED_DEVICE_FAMILY = "1,2";
			};
			name = Debug;
		};
		3AAAF9621EF230EE003F9248 /* Release */ = {
			isa = XCBuildConfiguration;
			buildSettings = {
				ALWAYS_SEARCH_USER_PATHS = NO;
				CLANG_ANALYZER_NONNULL = YES;
				CLANG_ANALYZER_NUMBER_OBJECT_CONVERSION = YES_AGGRESSIVE;
				CLANG_CXX_LANGUAGE_STANDARD = "gnu++0x";
				CLANG_CXX_LIBRARY = "libc++";
				CLANG_ENABLE_MODULES = YES;
				CLANG_ENABLE_OBJC_ARC = YES;
				CLANG_WARN_BOOL_CONVERSION = YES;
				CLANG_WARN_CONSTANT_CONVERSION = YES;
				CLANG_WARN_DIRECT_OBJC_ISA_USAGE = YES_ERROR;
				CLANG_WARN_DOCUMENTATION_COMMENTS = YES;
				CLANG_WARN_EMPTY_BODY = YES;
				CLANG_WARN_ENUM_CONVERSION = YES;
				CLANG_WARN_INFINITE_RECURSION = YES;
				CLANG_WARN_INT_CONVERSION = YES;
				CLANG_WARN_OBJC_ROOT_CLASS = YES_ERROR;
				CLANG_WARN_SUSPICIOUS_MOVE = YES;
				CLANG_WARN_UNREACHABLE_CODE = YES;
				CLANG_WARN__DUPLICATE_METHOD_MATCH = YES;
				"CODE_SIGN_IDENTITY[sdk=iphoneos*]" = "iPhone Developer";
				COPY_PHASE_STRIP = NO;
				DEBUG_INFORMATION_FORMAT = "dwarf-with-dsym";
				ENABLE_NS_ASSERTIONS = NO;
				ENABLE_STRICT_OBJC_MSGSEND = YES;
				GCC_C_LANGUAGE_STANDARD = gnu99;
				GCC_NO_COMMON_BLOCKS = YES;
				GCC_WARN_64_TO_32_BIT_CONVERSION = YES;
				GCC_WARN_ABOUT_RETURN_TYPE = YES_ERROR;
				GCC_WARN_UNDECLARED_SELECTOR = YES;
				GCC_WARN_UNINITIALIZED_AUTOS = YES_AGGRESSIVE;
				GCC_WARN_UNUSED_FUNCTION = YES;
				GCC_WARN_UNUSED_VARIABLE = YES;
				IPHONEOS_DEPLOYMENT_TARGET = 10.3;
				MTL_ENABLE_DEBUG_INFO = NO;
				SDKROOT = iphoneos;
				SWIFT_OPTIMIZATION_LEVEL = "-Owholemodule";
				TARGETED_DEVICE_FAMILY = "1,2";
				VALIDATE_PRODUCT = YES;
			};
			name = Release;
		};
		3AAAF9641EF230EE003F9248 /* Debug */ = {
			isa = XCBuildConfiguration;
			buildSettings = {
				ASSETCATALOG_COMPILER_APPICON_NAME = AppIcon;
				INFOPLIST_FILE = calculator/Info.plist;
				LD_RUNPATH_SEARCH_PATHS = "$(inherited) @executable_path/Frameworks";
				PRODUCT_BUNDLE_IDENTIFIER = krumpini.1985.calculator;
				PRODUCT_NAME = "$(TARGET_NAME)";
				SWIFT_VERSION = 3.0;
			};
			name = Debug;
		};
		3AAAF9651EF230EE003F9248 /* Release */ = {
			isa = XCBuildConfiguration;
			buildSettings = {
				ASSETCATALOG_COMPILER_APPICON_NAME = AppIcon;
				INFOPLIST_FILE = calculator/Info.plist;
				LD_RUNPATH_SEARCH_PATHS = "$(inherited) @executable_path/Frameworks";
				PRODUCT_BUNDLE_IDENTIFIER = krumpini.1985.calculator;
				PRODUCT_NAME = "$(TARGET_NAME)";
				SWIFT_VERSION = 3.0;
			};
			name = Release;
		};
/* End XCBuildConfiguration section */

/* Begin XCConfigurationList section */
		3AAAF94C1EF230EE003F9248 /* Build configuration list for PBXProject "calculator" */ = {
			isa = XCConfigurationList;
			buildConfigurations = (
				3AAAF9611EF230EE003F9248 /* Debug */,
				3AAAF9621EF230EE003F9248 /* Release */,
			);
			defaultConfigurationIsVisible = 0;
			defaultConfigurationName = Release;
		};
		3AAAF9631EF230EE003F9248 /* Build configuration list for PBXNativeTarget "calculator" */ = {
			isa = XCConfigurationList;
			buildConfigurations = (
				3AAAF9641EF230EE003F9248 /* Debug */,
				3AAAF9651EF230EE003F9248 /* Release */,
			);
			defaultConfigurationIsVisible = 0;
		};
/* End XCConfigurationList section */
	};
	rootObject = 3AAAF9491EF230EE003F9248 /* Project object */;
}
